# This file is automatically @generated by Cargo.
# It is not intended for manual editing.
version = 3

[[package]]
name = "ads1x1x"
version = "0.2.2"
source = "git+https://github.com/eldruin/ads1x1x-rs.git#256309063a39836e5c30b3e9eb2c3bcd3246bdec"
dependencies = [
 "embedded-hal",
 "nb",
]

[[package]]
name = "embedded-hal"
version = "1.0.0"
source = "registry+https://github.com/rust-lang/crates.io-index"
checksum = "361a90feb7004eca4019fb28352a9465666b24f840f5c3cddf0ff13920590b89"

[[package]]
name = "knobz"
version = "0.1.0"
dependencies = [
 "ads1x1x",
 "embedded-hal",
]

[[package]]
name = "nb"
version = "1.1.0"
source = "registry+https://github.com/rust-lang/crates.io-index"
checksum = "8d5439c4ad607c3c23abf66de8c8bf57ba8adcd1f129e699851a6e43935d339d"
